
Microsoft Visual Studio Solution File, Format Version 12.00
# Visual Studio Version 17
VisualStudioVersion = 17.0.32112.339
MinimumVisualStudioVersion = 10.0.40219.1
Project("{9A19103F-16F7-4668-BE54-9A1E7A4F7556}") = "WizardingWorld", "WizardingWorld\WizardingWorld.csproj", "{AC9D346A-F877-46AA-9D39-BCA044E83F40}"
EndProject
Project("{9A19103F-16F7-4668-BE54-9A1E7A4F7556}") = "Aids", "Aids\Aids.csproj", "{C15E67AC-593B-48EE-829C-8E1D85CBADE0}"
EndProject
Project("{9A19103F-16F7-4668-BE54-9A1E7A4F7556}") = "Core", "Core\Core.csproj", "{F2E47602-6D8C-4BA5-A488-7DC44DEB875A}"
EndProject
Project("{9A19103F-16F7-4668-BE54-9A1E7A4F7556}") = "Data", "Data\Data.csproj", "{3A913DA2-1BE6-4801-BD9C-521D5F1259A1}"
EndProject
Project("{9A19103F-16F7-4668-BE54-9A1E7A4F7556}") = "Domain", "Domain\Domain.csproj", "{9BCEC0F9-DFC8-4898-95F9-5E5FE1649365}"
EndProject
Project("{9A19103F-16F7-4668-BE54-9A1E7A4F7556}") = "Facade", "Facade\Facade.csproj", "{6C5A8B91-9DD7-49A2-B60E-88E30B5567C0}"
EndProject
Project("{9A19103F-16F7-4668-BE54-9A1E7A4F7556}") = "Infra", "Infra\Infra.csproj", "{67EEA7AF-23CE-4A24-AD54-BFB9F18D2662}"
EndProject
Project("{9A19103F-16F7-4668-BE54-9A1E7A4F7556}") = "Pages", "Pages\Pages.csproj", "{BFCC505A-36C1-480F-A16D-BF7E10401E87}"
EndProject
Project("{9A19103F-16F7-4668-BE54-9A1E7A4F7556}") = "Tests", "Tests\Tests.csproj", "{EADA266B-FA33-433C-A68D-C8F07DCBA300}"
EndProject
Global
	GlobalSection(SolutionConfigurationPlatforms) = preSolution
		Debug|Any CPU = Debug|Any CPU
		Release|Any CPU = Release|Any CPU
	EndGlobalSection
	GlobalSection(ProjectConfigurationPlatforms) = postSolution
		{AC9D346A-F877-46AA-9D39-BCA044E83F40}.Debug|Any CPU.ActiveCfg = Debug|Any CPU
		{AC9D346A-F877-46AA-9D39-BCA044E83F40}.Debug|Any CPU.Build.0 = Debug|Any CPU
		{AC9D346A-F877-46AA-9D39-BCA044E83F40}.Release|Any CPU.ActiveCfg = Release|Any CPU
		{AC9D346A-F877-46AA-9D39-BCA044E83F40}.Release|Any CPU.Build.0 = Release|Any CPU
		{C15E67AC-593B-48EE-829C-8E1D85CBADE0}.Debug|Any CPU.ActiveCfg = Debug|Any CPU
		{C15E67AC-593B-48EE-829C-8E1D85CBADE0}.Debug|Any CPU.Build.0 = Debug|Any CPU
		{C15E67AC-593B-48EE-829C-8E1D85CBADE0}.Release|Any CPU.ActiveCfg = Release|Any CPU
		{C15E67AC-593B-48EE-829C-8E1D85CBADE0}.Release|Any CPU.Build.0 = Release|Any CPU
		{F2E47602-6D8C-4BA5-A488-7DC44DEB875A}.Debug|Any CPU.ActiveCfg = Debug|Any CPU
		{F2E47602-6D8C-4BA5-A488-7DC44DEB875A}.Debug|Any CPU.Build.0 = Debug|Any CPU
		{F2E47602-6D8C-4BA5-A488-7DC44DEB875A}.Release|Any CPU.ActiveCfg = Release|Any CPU
		{F2E47602-6D8C-4BA5-A488-7DC44DEB875A}.Release|Any CPU.Build.0 = Release|Any CPU
		{3A913DA2-1BE6-4801-BD9C-521D5F1259A1}.Debug|Any CPU.ActiveCfg = Debug|Any CPU
		{3A913DA2-1BE6-4801-BD9C-521D5F1259A1}.Debug|Any CPU.Build.0 = Debug|Any CPU
		{3A913DA2-1BE6-4801-BD9C-521D5F1259A1}.Release|Any CPU.ActiveCfg = Release|Any CPU
		{3A913DA2-1BE6-4801-BD9C-521D5F1259A1}.Release|Any CPU.Build.0 = Release|Any CPU
		{9BCEC0F9-DFC8-4898-95F9-5E5FE1649365}.Debug|Any CPU.ActiveCfg = Debug|Any CPU
		{9BCEC0F9-DFC8-4898-95F9-5E5FE1649365}.Debug|Any CPU.Build.0 = Debug|Any CPU
		{9BCEC0F9-DFC8-4898-95F9-5E5FE1649365}.Release|Any CPU.ActiveCfg = Release|Any CPU
		{9BCEC0F9-DFC8-4898-95F9-5E5FE1649365}.Release|Any CPU.Build.0 = Release|Any CPU
		{6C5A8B91-9DD7-49A2-B60E-88E30B5567C0}.Debug|Any CPU.ActiveCfg = Debug|Any CPU
		{6C5A8B91-9DD7-49A2-B60E-88E30B5567C0}.Debug|Any CPU.Build.0 = Debug|Any CPU
		{6C5A8B91-9DD7-49A2-B60E-88E30B5567C0}.Release|Any CPU.ActiveCfg = Release|Any CPU
		{6C5A8B91-9DD7-49A2-B60E-88E30B5567C0}.Release|Any CPU.Build.0 = Release|Any CPU
		{67EEA7AF-23CE-4A24-AD54-BFB9F18D2662}.Debug|Any CPU.ActiveCfg = Debug|Any CPU
		{67EEA7AF-23CE-4A24-AD54-BFB9F18D2662}.Debug|Any CPU.Build.0 = Debug|Any CPU
		{67EEA7AF-23CE-4A24-AD54-BFB9F18D2662}.Release|Any CPU.ActiveCfg = Release|Any CPU
		{67EEA7AF-23CE-4A24-AD54-BFB9F18D2662}.Release|Any CPU.Build.0 = Release|Any CPU
		{BFCC505A-36C1-480F-A16D-BF7E10401E87}.Debug|Any CPU.ActiveCfg = Debug|Any CPU
		{BFCC505A-36C1-480F-A16D-BF7E10401E87}.Debug|Any CPU.Build.0 = Debug|Any CPU
		{BFCC505A-36C1-480F-A16D-BF7E10401E87}.Release|Any CPU.ActiveCfg = Release|Any CPU
		{BFCC505A-36C1-480F-A16D-BF7E10401E87}.Release|Any CPU.Build.0 = Release|Any CPU
		{EADA266B-FA33-433C-A68D-C8F07DCBA300}.Debug|Any CPU.ActiveCfg = Debug|Any CPU
		{EADA266B-FA33-433C-A68D-C8F07DCBA300}.Debug|Any CPU.Build.0 = Debug|Any CPU
		{EADA266B-FA33-433C-A68D-C8F07DCBA300}.Release|Any CPU.ActiveCfg = Release|Any CPU
		{EADA266B-FA33-433C-A68D-C8F07DCBA300}.Release|Any CPU.Build.0 = Release|Any CPU
	EndGlobalSection
	GlobalSection(SolutionProperties) = preSolution
		HideSolutionNode = FALSE
	EndGlobalSection
	GlobalSection(ExtensibilityGlobals) = postSolution
		SolutionGuid = {5EFCED91-180D-42B5-B6EB-51148B472F1D}
	EndGlobalSection
EndGlobal
